{
  "version": 1,
  "dependencies": {
    "net8.0": {
      "AngleSharp": {
        "type": "Direct",
        "requested": "[1.1.2, )",
        "resolved": "1.1.2",
        "contentHash": "aRFpAqixbuj1Vmqy2hsWPF0PJygo1SfjvmpBvVWZv6i+/u+C/L4wDdwFIzyCGUbjqr61NsZdPNPqDE8wlmG2qA==",
        "dependencies": {
          "System.Text.Encoding.CodePages": "8.0.0"
        }
      },
      "Discord.Net": {
        "type": "Direct",
        "requested": "[3.15.2, )",
        "resolved": "3.15.2",
        "contentHash": "+OwnSHaAJdKRLd8CVqSrlANX3EupQ5w5Vej2zor+wVcJ0ek7M3bZFzjJvXqx6cXeU6TQPBy6vpopzOwA2TU2Xg==",
        "dependencies": {
          "Discord.Net.Commands": "3.15.2",
          "Discord.Net.Core": "3.15.2",
          "Discord.Net.Interactions": "3.15.2",
          "Discord.Net.Rest": "3.15.2",
          "Discord.Net.WebSocket": "3.15.2",
          "Discord.Net.Webhook": "3.15.2"
        }
      },
      "EFCore.NamingConventions": {
        "type": "Direct",
        "requested": "[8.0.3, )",
        "resolved": "8.0.3",
        "contentHash": "TdDarM6kyIS2oVIhrs3W+r+xL/76ooFJxIXxfhzsNJQu0pB9VdFZwuyKvKJnhoc7OHYFNTBP08AN37kr4CPc+Q==",
        "dependencies": {
          "Microsoft.EntityFrameworkCore": "[8.0.0, 9.0.0)",
          "Microsoft.EntityFrameworkCore.Relational": "[8.0.0, 9.0.0)",
          "Microsoft.Extensions.DependencyInjection.Abstractions": "8.0.0"
        }
      },
      "Microsoft.EntityFrameworkCore": {
        "type": "Direct",
        "requested": "[8.0.6, )",
        "resolved": "8.0.6",
        "contentHash": "Ms5e5QuBAjVIuQsGumeLvkgMiOpnj6wxPvwBIoe1NfTkseWK4NZYztnhgDlpkCPkrUmJEXLv69kl349Ours30Q==",
        "dependencies": {
          "Microsoft.EntityFrameworkCore.Abstractions": "8.0.6",
          "Microsoft.EntityFrameworkCore.Analyzers": "8.0.6",
          "Microsoft.Extensions.Caching.Memory": "8.0.0",
          "Microsoft.Extensions.Logging": "8.0.0"
        }
      },
      "Microsoft.EntityFrameworkCore.Design": {
        "type": "Direct",
        "requested": "[8.0.6, )",
        "resolved": "8.0.6",
        "contentHash": "4OT+mH+8EB4Kfn1ENpDx2Ssx459j200gvdhDOKq5lkHmHzkRpmEDKS5GfqaLZvBLJKWu1FVGQ7Wnczcjb0hX4g==",
        "dependencies": {
          "Humanizer.Core": "2.14.1",
          "Microsoft.CodeAnalysis.CSharp.Workspaces": "4.5.0",
          "Microsoft.EntityFrameworkCore.Relational": "8.0.6",
          "Microsoft.Extensions.DependencyModel": "8.0.0",
          "Mono.TextTemplating": "2.2.1"
        }
      },
      "Microsoft.EntityFrameworkCore.Sqlite": {
        "type": "Direct",
        "requested": "[8.0.6, )",
        "resolved": "8.0.6",
        "contentHash": "nC4cZN4zReTb22qd9WDU0eDmlXvkyf2g2pqQ3VIHJbkpJcdWSY/PDgwGpbpShsVcAjXbkjGiUcv9aGwa61xQPw==",
        "dependencies": {
          "Microsoft.EntityFrameworkCore.Sqlite.Core": "8.0.6",
          "SQLitePCLRaw.bundle_e_sqlite3": "2.1.6"
        }
      },
      "Microsoft.EntityFrameworkCore.Tools": {
        "type": "Direct",
        "requested": "[8.0.6, )",
        "resolved": "8.0.6",
        "contentHash": "UsrAqShiZQBK2lcZsXoyFPccbiLRd2az1uXe1he2z4r2TUYyxNQFy+eysGCpZg0g62I4jFRJfvXIAmCi4QCUpg==",
        "dependencies": {
          "Microsoft.EntityFrameworkCore.Design": "8.0.6"
        }
      },
      "Microsoft.Extensions.Caching.Memory": {
        "type": "Direct",
        "requested": "[8.0.0, )",
        "resolved": "8.0.0",
        "contentHash": "7pqivmrZDzo1ADPkRwjy+8jtRKWRCPag9qPI+p7sgu7Q4QreWhcvbiWXsbhP+yY8XSiDvZpu2/LWdBv7PnmOpQ==",
        "dependencies": {
          "Microsoft.Extensions.Caching.Abstractions": "8.0.0",
          "Microsoft.Extensions.DependencyInjection.Abstractions": "8.0.0",
          "Microsoft.Extensions.Logging.Abstractions": "8.0.0",
          "Microsoft.Extensions.Options": "8.0.0",
          "Microsoft.Extensions.Primitives": "8.0.0"
        }
      },
      "Microsoft.Extensions.Caching.StackExchangeRedis": {
        "type": "Direct",
        "requested": "[8.0.6, )",
        "resolved": "8.0.6",
        "contentHash": "fMURqUIykCP6nhG/hVnhCQGRgUMAIBmU8nx1bJdWc4p0UbrmQFN6JVgfNuje9/5xsFA8Nqaw/WCe8tX9W0hEzQ==",
        "dependencies": {
          "Microsoft.Extensions.Caching.Abstractions": "8.0.0",
          "Microsoft.Extensions.Logging.Abstractions": "8.0.1",
          "Microsoft.Extensions.Options": "8.0.2",
          "StackExchange.Redis": "2.7.27"
        }
      },
      "Microsoft.Extensions.Hosting": {
        "type": "Direct",
        "requested": "[8.0.0, )",
        "resolved": "8.0.0",
        "contentHash": "ItYHpdqVp5/oFLT5QqbopnkKlyFG9EW/9nhM6/yfObeKt6Su0wkBio6AizgRHGNwhJuAtlE5VIjow5JOTrip6w==",
        "dependencies": {
          "Microsoft.Extensions.Configuration": "8.0.0",
          "Microsoft.Extensions.Configuration.Abstractions": "8.0.0",
          "Microsoft.Extensions.Configuration.Binder": "8.0.0",
          "Microsoft.Extensions.Configuration.CommandLine": "8.0.0",
          "Microsoft.Extensions.Configuration.EnvironmentVariables": "8.0.0",
          "Microsoft.Extensions.Configuration.FileExtensions": "8.0.0",
          "Microsoft.Extensions.Configuration.Json": "8.0.0",
          "Microsoft.Extensions.Configuration.UserSecrets": "8.0.0",
          "Microsoft.Extensions.DependencyInjection": "8.0.0",
          "Microsoft.Extensions.DependencyInjection.Abstractions": "8.0.0",
          "Microsoft.Extensions.Diagnostics": "8.0.0",
          "Microsoft.Extensions.FileProviders.Abstractions": "8.0.0",
          "Microsoft.Extensions.FileProviders.Physical": "8.0.0",
          "Microsoft.Extensions.Hosting.Abstractions": "8.0.0",
          "Microsoft.Extensions.Logging": "8.0.0",
          "Microsoft.Extensions.Logging.Abstractions": "8.0.0",
          "Microsoft.Extensions.Logging.Configuration": "8.0.0",
          "Microsoft.Extensions.Logging.Console": "8.0.0",
          "Microsoft.Extensions.Logging.Debug": "8.0.0",
          "Microsoft.Extensions.Logging.EventLog": "8.0.0",
          "Microsoft.Extensions.Logging.EventSource": "8.0.0",
          "Microsoft.Extensions.Options": "8.0.0"
        }
      },
      "Polly.Core": {
        "type": "Direct",
        "requested": "[8.4.0, )",
        "resolved": "8.4.0",
        "contentHash": "3AZxuP//pxOeBo9tQs7/tz4Z5TTbu4BYfjpaXZD0JYKJo98ngN9TMUz1nybh4k0ykWkMBpGZALV/AmVIE3ew7A=="
      },
      "Pomelo.EntityFrameworkCore.MySql": {
        "type": "Direct",
        "requested": "[8.0.2, )",
        "resolved": "8.0.2",
        "contentHash": "XjnlcxVBLnEMbyEc5cZzgZeDyLvAniACZQ04W1slWN0f4rmfNzl98gEMvHnFH0fMDF06z9MmgGi/Sr7hJ+BVnw==",
        "dependencies": {
          "Microsoft.EntityFrameworkCore.Relational": "[8.0.2, 8.0.999]",
          "MySqlConnector": "2.3.5"
        }
      },
      "Serilog": {
        "type": "Direct",
        "requested": "[4.0.0, )",
        "resolved": "4.0.0",
        "contentHash": "2jDkUrSh5EofOp7Lx5Zgy0EB+7hXjjxE2ktTb1WVQmU00lDACR2TdROGKU0K1pDTBSJBN1PqgYpgOZF8mL7NJw=="
      },
      "Serilog.Extensions.Hosting": {
        "type": "Direct",
        "requested": "[8.0.0, )",
        "resolved": "8.0.0",
        "contentHash": "db0OcbWeSCvYQkHWu6n0v40N4kKaTAXNjlM3BKvcbwvNzYphQFcBR+36eQ/7hMMwOkJvAyLC2a9/jNdUL5NjtQ==",
        "dependencies": {
          "Microsoft.Extensions.DependencyInjection.Abstractions": "8.0.0",
          "Microsoft.Extensions.Hosting.Abstractions": "8.0.0",
          "Microsoft.Extensions.Logging.Abstractions": "8.0.0",
          "Serilog": "3.1.1",
          "Serilog.Extensions.Logging": "8.0.0"
        }
      },
      "Serilog.Settings.Configuration": {
        "type": "Direct",
        "requested": "[8.0.1, )",
        "resolved": "8.0.1",
        "contentHash": "KOEABqMUdEc8Lpq51Nmiv69Je53mKE6yle4ac2jt3QYiBI0FKKFZCVV6MnkD/z3FonNMjUs/vLOa1mrhzexgCA==",
        "dependencies": {
          "Microsoft.Extensions.Configuration.Binder": "8.0.0",
          "Microsoft.Extensions.DependencyModel": "8.0.0",
          "Serilog": "3.1.1"
        }
      },
      "Serilog.Sinks.Console": {
        "type": "Direct",
        "requested": "[6.0.0, )",
        "resolved": "6.0.0",
        "contentHash": "fQGWqVMClCP2yEyTXPIinSr5c+CBGUvBybPxjAGcf7ctDhadFhrQw03Mv8rJ07/wR5PDfFjewf2LimvXCDzpbA==",
        "dependencies": {
          "Serilog": "4.0.0"
        }
      },
      "StackExchange.Redis": {
        "type": "Direct",
        "requested": "[2.8.0, )",
        "resolved": "2.8.0",
        "contentHash": "MjAJ0ejH8zLhtuN5+Z+/I07NmPGdVuGEvE2+4xONQoFwgl+7vbQ/A6jlUgH9UkZb4s9Mu9QDyBq1TkRqQcOgTQ==",
        "dependencies": {
          "Microsoft.Extensions.Logging.Abstractions": "6.0.0",
          "Pipelines.Sockets.Unofficial": "2.2.8"
        }
      },
      "Xabe.FFmpeg": {
        "type": "Direct",
        "requested": "[5.2.6, )",
        "resolved": "5.2.6",
        "contentHash": "AFT06eHAZ4OV3s6H2dZWeRQ6kkdWkY1dGq76iFprlOG6quB7V7Nm8wWhEF63As1txsh/8kwAbybtffrgqfQ0dg==",
        "dependencies": {
          "Newtonsoft.Json": "9.0.1"
        }
      },
      "Discord.Net.Commands": {
        "type": "Transitive",
        "resolved": "3.15.2",
        "contentHash": "a55wlniMT0kr7w8h/zlpR3slBeA07qJaqOnuB/X7Kp8W7aOYD3le0+uMKu7Er2ypvysa8MMRMNRpn94OSqbA6w==",
        "dependencies": {
          "Discord.Net.Core": "3.15.2"
        }
      },
      "Discord.Net.Core": {
        "type": "Transitive",
        "resolved": "3.15.2",
        "contentHash": "985EAMCn8K9gS8WUAt+hF96nEvnbHGb8mqCFpxS1EO74MpgIZRk3DLHQeHhpEpX1R/NR/YdOvfw0aM/4bl3DGw==",
        "dependencies": {
          "Newtonsoft.Json": "13.0.3",
          "System.Collections.Immutable": "6.0.0",
          "System.Interactive.Async": "6.0.1",
          "System.ValueTuple": "4.5.0"
        }
      },
      "Discord.Net.Interactions": {
        "type": "Transitive",
        "resolved": "3.15.2",
        "contentHash": "w2ar8ga1mntK9gD/0zwV7m/9cQliah0C4KCweG+TXTljJTU9GLxXDBBGpMfo2jE2P5FSVS48gLGd5y6G+fxoKQ==",
        "dependencies": {
          "Discord.Net.Core": "3.15.2",
          "Discord.Net.Rest": "3.15.2",
          "Microsoft.Extensions.DependencyInjection.Abstractions": "6.0.0",
          "System.Collections.Immutable": "6.0.0",
          "System.Reactive": "6.0.0"
        }
      },
      "Discord.Net.Rest": {
        "type": "Transitive",
        "resolved": "3.15.2",
        "contentHash": "P+SuiwjN1zBo9DMqgxIzlKNNZKaD47CfJyqlkbOtJUmfWhA9BDrmCgo/DSE+FTJAWEjiLO4rcQ8XEx/qDbkphg==",
        "dependencies": {
          "Discord.Net.Core": "3.15.2"
        }
      },
      "Discord.Net.Webhook": {
        "type": "Transitive",
        "resolved": "3.15.2",
        "contentHash": "L14uU+rXa1ERqpl5K4xFERCM0LaSgWVBuTLJqt15pps0gsmEISr52NxZ1F9dcysi8YFfUSlREnJ+ih/PomJ8+g==",
        "dependencies": {
          "Discord.Net.Core": "3.15.2",
          "Discord.Net.Rest": "3.15.2"
        }
      },
      "Discord.Net.WebSocket": {
        "type": "Transitive",
        "resolved": "3.15.2",
        "contentHash": "OmaDEPrqmW69dzKxvOKFioFunZYpP0dwrECa0pJn9RaDUQo86l/ToUjolUJ3imjJ2XaMKcRwJ95D5QfDe4KXXg==",
        "dependencies": {
          "Discord.Net.Core": "3.15.2",
          "Discord.Net.Rest": "3.15.2"
        }
      },
      "Humanizer.Core": {
        "type": "Transitive",
        "resolved": "2.14.1",
        "contentHash": "lQKvtaTDOXnoVJ20ibTuSIOf2i0uO0MPbDhd1jm238I+U/2ZnRENj0cktKZhtchBMtCUSRQ5v4xBCUbKNmyVMw=="
      },
      "Microsoft.Bcl.AsyncInterfaces": {
        "type": "Transitive",
        "resolved": "6.0.0",
        "contentHash": "UcSjPsst+DfAdJGVDsu346FX0ci0ah+lw3WRtn18NUwEqRt70HaOQ7lI72vy3+1LxtqI3T5GWwV39rQSrCzAeg=="
      },
      "Microsoft.CodeAnalysis.Analyzers": {
        "type": "Transitive",
        "resolved": "3.3.3",
        "contentHash": "j/rOZtLMVJjrfLRlAMckJLPW/1rze9MT1yfWqSIbUPGRu1m1P0fuo9PmqapwsmePfGB5PJrudQLvmUOAMF0DqQ=="
      },
      "Microsoft.CodeAnalysis.Common": {
        "type": "Transitive",
        "resolved": "4.5.0",
        "contentHash": "lwAbIZNdnY0SUNoDmZHkVUwLO8UyNnyyh1t/4XsbFxi4Ounb3xszIYZaWhyj5ZjyfcwqwmtMbE7fUTVCqQEIdQ==",
        "dependencies": {
          "Microsoft.CodeAnalysis.Analyzers": "3.3.3",
          "System.Collections.Immutable": "6.0.0",
          "System.Reflection.Metadata": "6.0.1",
          "System.Runtime.CompilerServices.Unsafe": "6.0.0",
          "System.Text.Encoding.CodePages": "6.0.0"
        }
      },
      "Microsoft.CodeAnalysis.CSharp": {
        "type": "Transitive",
        "resolved": "4.5.0",
        "contentHash": "cM59oMKAOxvdv76bdmaKPy5hfj+oR+zxikWoueEB7CwTko7mt9sVKZI8Qxlov0C/LuKEG+WQwifepqL3vuTiBQ==",
        "dependencies": {
          "Microsoft.CodeAnalysis.Common": "[4.5.0]"
        }
      },
      "Microsoft.CodeAnalysis.CSharp.Workspaces": {
        "type": "Transitive",
        "resolved": "4.5.0",
        "contentHash": "h74wTpmGOp4yS4hj+EvNzEiPgg/KVs2wmSfTZ81upJZOtPkJsVkgfsgtxxqmAeapjT/vLKfmYV0bS8n5MNVP+g==",
        "dependencies": {
          "Humanizer.Core": "2.14.1",
          "Microsoft.CodeAnalysis.CSharp": "[4.5.0]",
          "Microsoft.CodeAnalysis.Common": "[4.5.0]",
          "Microsoft.CodeAnalysis.Workspaces.Common": "[4.5.0]"
        }
      },
      "Microsoft.CodeAnalysis.Workspaces.Common": {
        "type": "Transitive",
        "resolved": "4.5.0",
        "contentHash": "l4dDRmGELXG72XZaonnOeORyD/T5RpEu5LGHOUIhnv+MmUWDY/m1kWXGwtcgQ5CJ5ynkFiRnIYzTKXYjUs7rbw==",
        "dependencies": {
          "Humanizer.Core": "2.14.1",
          "Microsoft.Bcl.AsyncInterfaces": "6.0.0",
          "Microsoft.CodeAnalysis.Common": "[4.5.0]",
          "System.Composition": "6.0.0",
          "System.IO.Pipelines": "6.0.3",
          "System.Threading.Channels": "6.0.0"
        }
      },
      "Microsoft.Data.Sqlite.Core": {
        "type": "Transitive",
        "resolved": "8.0.6",
        "contentHash": "umhZ0ZF2RI81rGFTnYmCxI+Euj4Aqe/6Y4+8CxN9OVJNGDNIqB5laJ3wxQTU8zXCcm2k9F7FL+/6RVoOT4z1Fw==",
        "dependencies": {
          "SQLitePCLRaw.core": "2.1.6"
        }
      },
      "Microsoft.EntityFrameworkCore.Abstractions": {
        "type": "Transitive",
        "resolved": "8.0.6",
        "contentHash": "X7wSSBNFRuN8j8M9HDYG7rPpEeyhY+PdJZR9rftmgvsZH0eK5+bZ3b3As8iO4rLEpjsBzDnrgSIY6q2F3HQatw=="
      },
      "Microsoft.EntityFrameworkCore.Analyzers": {
        "type": "Transitive",
        "resolved": "8.0.6",
        "contentHash": "fDNtuQ4lAaPaCOlsrwUck/GvnF4QLeDpMmE1L5QtxZpMSmWfnL2/vk8sDL9OVTWcfprooI9V5MNpIx3/Tq5ehg=="
      },
      "Microsoft.EntityFrameworkCore.Relational": {
        "type": "Transitive",
        "resolved": "8.0.6",
        "contentHash": "chhfmLusCGLGvNYtvMji6KGQlduPDnJsStG/LjS8qJhFWJDDzTZpSr2LHowewcxMrMo/Axc6Jwe+WwSi/vlkTg==",
        "dependencies": {
          "Microsoft.EntityFrameworkCore": "8.0.6",
          "Microsoft.Extensions.Configuration.Abstractions": "8.0.0"
        }
      },
      "Microsoft.EntityFrameworkCore.Sqlite.Core": {
        "type": "Transitive",
        "resolved": "8.0.6",
        "contentHash": "87xfPtqSouxWWdynYZv/rubd0rOUeiN9+XeoMWQzpZm/5svH1TuvzFODGIY0zKuXS18NiOFyHl9N6///eaEs/Q==",
        "dependencies": {
          "Microsoft.Data.Sqlite.Core": "8.0.6",
          "Microsoft.EntityFrameworkCore.Relational": "8.0.6",
          "Microsoft.Extensions.DependencyModel": "8.0.0"
        }
      },
      "Microsoft.Extensions.Caching.Abstractions": {
        "type": "Transitive",
        "resolved": "8.0.0",
        "contentHash": "3KuSxeHoNYdxVYfg2IRZCThcrlJ1XJqIXkAWikCsbm5C/bCjv7G0WoKDyuR98Q+T607QT2Zl5GsbGRkENcV2yQ==",
        "dependencies": {
          "Microsoft.Extensions.Primitives": "8.0.0"
        }
      },
      "Microsoft.Extensions.Configuration": {
        "type": "Transitive",
        "resolved": "8.0.0",
        "contentHash": "0J/9YNXTMWSZP2p2+nvl8p71zpSwokZXZuJW+VjdErkegAnFdO1XlqtA62SJtgVYHdKu3uPxJHcMR/r35HwFBA==",
        "dependencies": {
          "Microsoft.Extensions.Configuration.Abstractions": "8.0.0",
          "Microsoft.Extensions.Primitives": "8.0.0"
        }
      },
      "Microsoft.Extensions.Configuration.Abstractions": {
        "type": "Transitive",
        "resolved": "8.0.0",
        "contentHash": "3lE/iLSutpgX1CC0NOW70FJoGARRHbyKmG7dc0klnUZ9Dd9hS6N/POPWhKhMLCEuNN5nXEY5agmlFtH562vqhQ==",
        "dependencies": {
          "Microsoft.Extensions.Primitives": "8.0.0"
        }
      },
      "Microsoft.Extensions.Configuration.Binder": {
        "type": "Transitive",
        "resolved": "8.0.0",
        "contentHash": "mBMoXLsr5s1y2zOHWmKsE9veDcx8h1x/c3rz4baEdQKTeDcmQAPNbB54Pi/lhFO3K431eEq6PFbMgLaa6PHFfA==",
        "dependencies": {
          "Microsoft.Extensions.Configuration.Abstractions": "8.0.0"
        }
      },
      "Microsoft.Extensions.Configuration.CommandLine": {
        "type": "Transitive",
        "resolved": "8.0.0",
        "contentHash": "NZuZMz3Q8Z780nKX3ifV1fE7lS+6pynDHK71OfU4OZ1ItgvDOhyOC7E6z+JMZrAj63zRpwbdldYFk499t3+1dQ==",
        "dependencies": {
          "Microsoft.Extensions.Configuration": "8.0.0",
          "Microsoft.Extensions.Configuration.Abstractions": "8.0.0"
        }
      },
      "Microsoft.Extensions.Configuration.EnvironmentVariables": {
        "type": "Transitive",
        "resolved": "8.0.0",
        "contentHash": "plvZ0ZIpq+97gdPNNvhwvrEZ92kNml9hd1pe3idMA7svR0PztdzVLkoWLcRFgySYXUJc3kSM3Xw3mNFMo/bxRA==",
        "dependencies": {
          "Microsoft.Extensions.Configuration": "8.0.0",
          "Microsoft.Extensions.Configuration.Abstractions": "8.0.0"
        }
      },
      "Microsoft.Extensions.Configuration.FileExtensions": {
        "type": "Transitive",
        "resolved": "8.0.0",
        "contentHash": "McP+Lz/EKwvtCv48z0YImw+L1gi1gy5rHhNaNIY2CrjloV+XY8gydT8DjMR6zWeL13AFK+DioVpppwAuO1Gi1w==",
        "dependencies": {
          "Microsoft.Extensions.Configuration": "8.0.0",
          "Microsoft.Extensions.Configuration.Abstractions": "8.0.0",
          "Microsoft.Extensions.FileProviders.Abstractions": "8.0.0",
          "Microsoft.Extensions.FileProviders.Physical": "8.0.0",
          "Microsoft.Extensions.Primitives": "8.0.0"
        }
      },
      "Microsoft.Extensions.Configuration.Json": {
        "type": "Transitive",
        "resolved": "8.0.0",
        "contentHash": "C2wqUoh9OmRL1akaCcKSTmRU8z0kckfImG7zLNI8uyi47Lp+zd5LWAD17waPQEqCz3ioWOCrFUo+JJuoeZLOBw==",
        "dependencies": {
          "Microsoft.Extensions.Configuration": "8.0.0",
          "Microsoft.Extensions.Configuration.Abstractions": "8.0.0",
          "Microsoft.Extensions.Configuration.FileExtensions": "8.0.0",
          "Microsoft.Extensions.FileProviders.Abstractions": "8.0.0",
          "System.Text.Json": "8.0.0"
        }
      },
      "Microsoft.Extensions.Configuration.UserSecrets": {
        "type": "Transitive",
        "resolved": "8.0.0",
        "contentHash": "ihDHu2dJYQird9pl2CbdwuNDfvCZdOS0S7SPlNfhPt0B81UTT+yyZKz2pimFZGUp3AfuBRnqUCxB2SjsZKHVUw==",
        "dependencies": {
          "Microsoft.Extensions.Configuration.Abstractions": "8.0.0",
          "Microsoft.Extensions.Configuration.Json": "8.0.0",
          "Microsoft.Extensions.FileProviders.Abstractions": "8.0.0",
          "Microsoft.Extensions.FileProviders.Physical": "8.0.0"
        }
      },
      "Microsoft.Extensions.DependencyInjection": {
        "type": "Transitive",
        "resolved": "8.0.0",
        "contentHash": "V8S3bsm50ig6JSyrbcJJ8bW2b9QLGouz+G1miK3UTaOWmMtFwNNNzUf4AleyDWUmTrWMLNnFSLEQtxmxgNQnNQ==",
        "dependencies": {
          "Microsoft.Extensions.DependencyInjection.Abstractions": "8.0.0"
        }
      },
      "Microsoft.Extensions.DependencyInjection.Abstractions": {
        "type": "Transitive",
        "resolved": "8.0.1",
        "contentHash": "fGLiCRLMYd00JYpClraLjJTNKLmMJPnqxMaiRzEBIIvevlzxz33mXy39Lkd48hu1G+N21S7QpaO5ZzKsI6FRuA=="
      },
      "Microsoft.Extensions.DependencyModel": {
        "type": "Transitive",
        "resolved": "8.0.0",
        "contentHash": "NSmDw3K0ozNDgShSIpsZcbFIzBX4w28nDag+TfaQujkXGazBm+lid5onlWoCBy4VsLxqnnKjEBbGSJVWJMf43g==",
        "dependencies": {
          "System.Text.Encodings.Web": "8.0.0",
          "System.Text.Json": "8.0.0"
        }
      },
      "Microsoft.Extensions.Diagnostics": {
        "type": "Transitive",
        "resolved": "8.0.0",
        "contentHash": "3PZp/YSkIXrF7QK7PfC1bkyRYwqOHpWFad8Qx+4wkuumAeXo1NHaxpS9LboNA9OvNSAu+QOVlXbMyoY+pHSqcw==",
        "dependencies": {
          "Microsoft.Extensions.Configuration": "8.0.0",
          "Microsoft.Extensions.Diagnostics.Abstractions": "8.0.0",
          "Microsoft.Extensions.Options.ConfigurationExtensions": "8.0.0"
        }
      },
      "Microsoft.Extensions.Diagnostics.Abstractions": {
        "type": "Transitive",
        "resolved": "8.0.0",
        "contentHash": "JHYCQG7HmugNYUhOl368g+NMxYE/N/AiclCYRNlgCY9eVyiBkOHMwK4x60RYMxv9EL3+rmj1mqHvdCiPpC+D4Q==",
        "dependencies": {
          "Microsoft.Extensions.DependencyInjection.Abstractions": "8.0.0",
          "Microsoft.Extensions.Options": "8.0.0",
          "System.Diagnostics.DiagnosticSource": "8.0.0"
        }
      },
      "Microsoft.Extensions.FileProviders.Abstractions": {
        "type": "Transitive",
        "resolved": "8.0.0",
        "contentHash": "ZbaMlhJlpisjuWbvXr4LdAst/1XxH3vZ6A0BsgTphZ2L4PGuxRLz7Jr/S7mkAAnOn78Vu0fKhEgNF5JO3zfjqQ==",
        "dependencies": {
          "Microsoft.Extensions.Primitives": "8.0.0"
        }
      },
      "Microsoft.Extensions.FileProviders.Physical": {
        "type": "Transitive",
        "resolved": "8.0.0",
        "contentHash": "UboiXxpPUpwulHvIAVE36Knq0VSHaAmfrFkegLyBZeaADuKezJ/AIXYAW8F5GBlGk/VaibN2k/Zn1ca8YAfVdA==",
        "dependencies": {
          "Microsoft.Extensions.FileProviders.Abstractions": "8.0.0",
          "Microsoft.Extensions.FileSystemGlobbing": "8.0.0",
          "Microsoft.Extensions.Primitives": "8.0.0"
        }
      },
      "Microsoft.Extensions.FileSystemGlobbing": {
        "type": "Transitive",
        "resolved": "8.0.0",
        "contentHash": "OK+670i7esqlQrPjdIKRbsyMCe9g5kSLpRRQGSr4Q58AOYEe/hCnfLZprh7viNisSUUQZmMrbbuDaIrP+V1ebQ=="
      },
      "Microsoft.Extensions.Hosting.Abstractions": {
        "type": "Transitive",
        "resolved": "8.0.0",
        "contentHash": "AG7HWwVRdCHlaA++1oKDxLsXIBxmDpMPb3VoyOoAghEWnkUvEAdYQUwnV4jJbAaa/nMYNiEh5ByoLauZBEiovg==",
        "dependencies": {
          "Microsoft.Extensions.Configuration.Abstractions": "8.0.0",
          "Microsoft.Extensions.DependencyInjection.Abstractions": "8.0.0",
          "Microsoft.Extensions.Diagnostics.Abstractions": "8.0.0",
          "Microsoft.Extensions.FileProviders.Abstractions": "8.0.0",
          "Microsoft.Extensions.Logging.Abstractions": "8.0.0"
        }
      },
      "Microsoft.Extensions.Logging": {
        "type": "Transitive",
        "resolved": "8.0.0",
        "contentHash": "tvRkov9tAJ3xP51LCv3FJ2zINmv1P8Hi8lhhtcKGqM+ImiTCC84uOPEI4z8Cdq2C3o9e+Aa0Gw0rmrsJD77W+w==",
        "dependencies": {
          "Microsoft.Extensions.DependencyInjection": "8.0.0",
          "Microsoft.Extensions.Logging.Abstractions": "8.0.0",
          "Microsoft.Extensions.Options": "8.0.0"
        }
      },
      "Microsoft.Extensions.Logging.Abstractions": {
        "type": "Transitive",
        "resolved": "8.0.1",
        "contentHash": "RIFgaqoaINxkM2KTOw72dmilDmTrYA0ns2KW4lDz4gZ2+o6IQ894CzmdL3StM2oh7QQq44nCWiqKqc4qUI9Jmg==",
        "dependencies": {
          "Microsoft.Extensions.DependencyInjection.Abstractions": "8.0.1"
        }
      },
      "Microsoft.Extensions.Logging.Configuration": {
        "type": "Transitive",
        "resolved": "8.0.0",
        "contentHash": "ixXXV0G/12g6MXK65TLngYN9V5hQQRuV+fZi882WIoVJT7h5JvoYoxTEwCgdqwLjSneqh1O+66gM8sMr9z/rsQ==",
        "dependencies": {
          "Microsoft.Extensions.Configuration": "8.0.0",
          "Microsoft.Extensions.Configuration.Abstractions": "8.0.0",
          "Microsoft.Extensions.Configuration.Binder": "8.0.0",
          "Microsoft.Extensions.DependencyInjection.Abstractions": "8.0.0",
          "Microsoft.Extensions.Logging": "8.0.0",
          "Microsoft.Extensions.Logging.Abstractions": "8.0.0",
          "Microsoft.Extensions.Options": "8.0.0",
          "Microsoft.Extensions.Options.ConfigurationExtensions": "8.0.0"
        }
      },
      "Microsoft.Extensions.Logging.Console": {
        "type": "Transitive",
        "resolved": "8.0.0",
        "contentHash": "e+48o7DztoYog+PY430lPxrM4mm3PbA6qucvQtUDDwVo4MO+ejMw7YGc/o2rnxbxj4isPxdfKFzTxvXMwAz83A==",
        "dependencies": {
          "Microsoft.Extensions.DependencyInjection.Abstractions": "8.0.0",
          "Microsoft.Extensions.Logging": "8.0.0",
          "Microsoft.Extensions.Logging.Abstractions": "8.0.0",
          "Microsoft.Extensions.Logging.Configuration": "8.0.0",
          "Microsoft.Extensions.Options": "8.0.0",
          "System.Text.Json": "8.0.0"
        }
      },
      "Microsoft.Extensions.Logging.Debug": {
        "type": "Transitive",
        "resolved": "8.0.0",
        "contentHash": "dt0x21qBdudHLW/bjMJpkixv858RRr8eSomgVbU8qljOyfrfDGi1JQvpF9w8S7ziRPtRKisuWaOwFxJM82GxeA==",
        "dependencies": {
          "Microsoft.Extensions.DependencyInjection.Abstractions": "8.0.0",
          "Microsoft.Extensions.Logging": "8.0.0",
          "Microsoft.Extensions.Logging.Abstractions": "8.0.0"
        }
      },
      "Microsoft.Extensions.Logging.EventLog": {
        "type": "Transitive",
        "resolved": "8.0.0",
        "contentHash": "3X9D3sl7EmOu7vQp5MJrmIJBl5XSdOhZPYXUeFfYa6Nnm9+tok8x3t3IVPLhm7UJtPOU61ohFchw8rNm9tIYOQ==",
        "dependencies": {
          "Microsoft.Extensions.DependencyInjection.Abstractions": "8.0.0",
          "Microsoft.Extensions.Logging": "8.0.0",
          "Microsoft.Extensions.Logging.Abstractions": "8.0.0",
          "Microsoft.Extensions.Options": "8.0.0",
          "System.Diagnostics.EventLog": "8.0.0"
        }
      },
      "Microsoft.Extensions.Logging.EventSource": {
        "type": "Transitive",
        "resolved": "8.0.0",
        "contentHash": "oKcPMrw+luz2DUAKhwFXrmFikZWnyc8l2RKoQwqU3KIZZjcfoJE0zRHAnqATfhRZhtcbjl/QkiY2Xjxp0xu+6w==",
        "dependencies": {
          "Microsoft.Extensions.DependencyInjection.Abstractions": "8.0.0",
          "Microsoft.Extensions.Logging": "8.0.0",
          "Microsoft.Extensions.Logging.Abstractions": "8.0.0",
          "Microsoft.Extensions.Options": "8.0.0",
          "Microsoft.Extensions.Primitives": "8.0.0",
          "System.Text.Json": "8.0.0"
        }
      },
      "Microsoft.Extensions.Options": {
        "type": "Transitive",
        "resolved": "8.0.2",
        "contentHash": "dWGKvhFybsaZpGmzkGCbNNwBD1rVlWzrZKANLW/CcbFJpCEceMCGzT7zZwHOGBCbwM0SzBuceMj5HN1LKV1QqA==",
        "dependencies": {
          "Microsoft.Extensions.DependencyInjection.Abstractions": "8.0.0",
          "Microsoft.Extensions.Primitives": "8.0.0"
        }
      },
      "Microsoft.Extensions.Options.ConfigurationExtensions": {
        "type": "Transitive",
        "resolved": "8.0.0",
        "contentHash": "0f4DMRqEd50zQh+UyJc+/HiBsZ3vhAQALgdkcQEalSH1L2isdC7Yj54M3cyo5e+BeO5fcBQ7Dxly8XiBBcvRgw==",
        "dependencies": {
          "Microsoft.Extensions.Configuration.Abstractions": "8.0.0",
          "Microsoft.Extensions.Configuration.Binder": "8.0.0",
          "Microsoft.Extensions.DependencyInjection.Abstractions": "8.0.0",
          "Microsoft.Extensions.Options": "8.0.0",
          "Microsoft.Extensions.Primitives": "8.0.0"
        }
      },
      "Microsoft.Extensions.Primitives": {
        "type": "Transitive",
        "resolved": "8.0.0",
        "contentHash": "bXJEZrW9ny8vjMF1JV253WeLhpEVzFo1lyaZu1vQ4ZxWUlVvknZ/+ftFgVheLubb4eZPSwwxBeqS1JkCOjxd8g=="
      },
      "Mono.TextTemplating": {
        "type": "Transitive",
        "resolved": "2.2.1",
        "contentHash": "KZYeKBET/2Z0gY1WlTAK7+RHTl7GSbtvTLDXEZZojUdAPqpQNDL6tHv7VUpqfX5VEOh+uRGKaZXkuD253nEOBQ==",
        "dependencies": {
          "System.CodeDom": "4.4.0"
        }
      },
      "MySqlConnector": {
        "type": "Transitive",
        "resolved": "2.3.5",
        "contentHash": "AmEfUPkFl+Ev6jJ8Dhns3CYHBfD12RHzGYWuLt6DfG6/af6YvOMyPz74ZPPjBYQGRJkumD2Z48Kqm8s5DJuhLA==",
        "dependencies": {
          "Microsoft.Extensions.Logging.Abstractions": "7.0.1"
        }
      },
      "Newtonsoft.Json": {
        "type": "Transitive",
        "resolved": "13.0.3",
        "contentHash": "HrC5BXdl00IP9zeV+0Z848QWPAoCr9P3bDEZguI+gkLcBKAOxix/tLEAAHC+UvDNPv4a2d18lOReHMOagPa+zQ=="
      },
      "Pipelines.Sockets.Unofficial": {
        "type": "Transitive",
        "resolved": "2.2.8",
        "contentHash": "zG2FApP5zxSx6OcdJQLbZDk2AVlN2BNQD6MorwIfV6gVj0RRxWPEp2LXAxqDGZqeNV1Zp0BNPcNaey/GXmTdvQ==",
        "dependencies": {
          "System.IO.Pipelines": "5.0.1"
        }
      },
      "Serilog.Extensions.Logging": {
        "type": "Transitive",
        "resolved": "8.0.0",
        "contentHash": "YEAMWu1UnWgf1c1KP85l1SgXGfiVo0Rz6x08pCiPOIBt2Qe18tcZLvdBUuV5o1QHvrs8FAry9wTIhgBRtjIlEg==",
        "dependencies": {
          "Microsoft.Extensions.Logging": "8.0.0",
          "Serilog": "3.1.1"
        }
      },
      "SQLitePCLRaw.bundle_e_sqlite3": {
        "type": "Transitive",
        "resolved": "2.1.6",
        "contentHash": "BmAf6XWt4TqtowmiWe4/5rRot6GerAeklmOPfviOvwLoF5WwgxcJHAxZtySuyW9r9w+HLILnm8VfJFLCUJYW8A==",
        "dependencies": {
          "SQLitePCLRaw.lib.e_sqlite3": "2.1.6",
          "SQLitePCLRaw.provider.e_sqlite3": "2.1.6"
        }
      },
      "SQLitePCLRaw.core": {
        "type": "Transitive",
        "resolved": "2.1.6",
        "contentHash": "wO6v9GeMx9CUngAet8hbO7xdm+M42p1XeJq47ogyRoYSvNSp0NGLI+MgC0bhrMk9C17MTVFlLiN6ylyExLCc5w==",
        "dependencies": {
          "System.Memory": "4.5.3"
        }
      },
      "SQLitePCLRaw.lib.e_sqlite3": {
        "type": "Transitive",
        "resolved": "2.1.6",
        "contentHash": "2ObJJLkIUIxRpOUlZNGuD4rICpBnrBR5anjyfUFQep4hMOIeqW+XGQYzrNmHSVz5xSWZ3klSbh7sFR6UyDj68Q=="
      },
      "SQLitePCLRaw.provider.e_sqlite3": {
        "type": "Transitive",
        "resolved": "2.1.6",
        "contentHash": "PQ2Oq3yepLY4P7ll145P3xtx2bX8xF4PzaKPRpw9jZlKvfe4LE/saAV82inND9usn1XRpmxXk7Lal3MTI+6CNg==",
        "dependencies": {
          "SQLitePCLRaw.core": "2.1.6"
        }
      },
      "System.CodeDom": {
        "type": "Transitive",
        "resolved": "4.4.0",
        "contentHash": "2sCCb7doXEwtYAbqzbF/8UAeDRMNmPaQbU2q50Psg1J9KzumyVVCgKQY8s53WIPTufNT0DpSe9QRvVjOzfDWBA=="
      },
      "System.Collections.Immutable": {
        "type": "Transitive",
        "resolved": "6.0.0",
        "contentHash": "l4zZJ1WU2hqpQQHXz1rvC3etVZN+2DLmQMO79FhOTZHMn8tDRr+WU287sbomD0BETlmKDn0ygUgVy9k5xkkJdA==",
        "dependencies": {
          "System.Runtime.CompilerServices.Unsafe": "6.0.0"
        }
      },
      "System.Composition": {
        "type": "Transitive",
        "resolved": "6.0.0",
        "contentHash": "d7wMuKQtfsxUa7S13tITC8n1cQzewuhD5iDjZtK2prwFfKVzdYtgrTHgjaV03Zq7feGQ5gkP85tJJntXwInsJA==",
        "dependencies": {
          "System.Composition.AttributedModel": "6.0.0",
          "System.Composition.Convention": "6.0.0",
          "System.Composition.Hosting": "6.0.0",
          "System.Composition.Runtime": "6.0.0",
          "System.Composition.TypedParts": "6.0.0"
        }
      },
      "System.Composition.AttributedModel": {
        "type": "Transitive",
        "resolved": "6.0.0",
        "contentHash": "WK1nSDLByK/4VoC7fkNiFuTVEiperuCN/Hyn+VN30R+W2ijO1d0Z2Qm0ScEl9xkSn1G2MyapJi8xpf4R8WRa/w=="
      },
      "System.Composition.Convention": {
        "type": "Transitive",
        "resolved": "6.0.0",
        "contentHash": "XYi4lPRdu5bM4JVJ3/UIHAiG6V6lWWUlkhB9ab4IOq0FrRsp0F4wTyV4Dj+Ds+efoXJ3qbLqlvaUozDO7OLeXA==",
        "dependencies": {
          "System.Composition.AttributedModel": "6.0.0"
        }
      },
      "System.Composition.Hosting": {
        "type": "Transitive",
        "resolved": "6.0.0",
        "contentHash": "w/wXjj7kvxuHPLdzZ0PAUt++qJl03t7lENmb2Oev0n3zbxyNULbWBlnd5J5WUMMv15kg5o+/TCZFb6lSwfaUUQ==",
        "dependencies": {
          "System.Composition.Runtime": "6.0.0"
        }
      },
      "System.Composition.Runtime": {
        "type": "Transitive",
        "resolved": "6.0.0",
        "contentHash": "qkRH/YBaMPTnzxrS5RDk1juvqed4A6HOD/CwRcDGyPpYps1J27waBddiiq1y93jk2ZZ9wuA/kynM+NO0kb3PKg=="
      },
      "System.Composition.TypedParts": {
        "type": "Transitive",
        "resolved": "6.0.0",
        "contentHash": "iUR1eHrL8Cwd82neQCJ00MpwNIBs4NZgXzrPqx8NJf/k4+mwBO0XCRmHYJT4OLSwDDqh5nBLJWkz5cROnrGhRA==",
        "dependencies": {
          "System.Composition.AttributedModel": "6.0.0",
          "System.Composition.Hosting": "6.0.0",
          "System.Composition.Runtime": "6.0.0"
        }
      },
      "System.Diagnostics.DiagnosticSource": {
        "type": "Transitive",
        "resolved": "8.0.0",
        "contentHash": "c9xLpVz6PL9lp/djOWtk5KPDZq3cSYpmXoJQY524EOtuFl5z9ZtsotpsyrDW40U1DRnQSYvcPKEUV0X//u6gkQ=="
      },
      "System.Diagnostics.EventLog": {
        "type": "Transitive",
        "resolved": "8.0.0",
        "contentHash": "fdYxcRjQqTTacKId/2IECojlDSFvp7LP5N78+0z/xH7v/Tuw5ZAxu23Y6PTCRinqyu2ePx+Gn1098NC6jM6d+A=="
      },
      "System.Interactive.Async": {
        "type": "Transitive",
        "resolved": "6.0.1",
        "contentHash": "f8H1O4ZWDQo344y5NQU76G4SIjWMuKDVXL9OM1dg6K5YZnLkc8iCdQDybBvMcC6ufk61jzXGVAX6UCDu0qDSjA==",
        "dependencies": {
          "System.Linq.Async": "6.0.1"
        }
      },
      "System.IO.Pipelines": {
        "type": "Transitive",
        "resolved": "6.0.3",
        "contentHash": "ryTgF+iFkpGZY1vRQhfCzX0xTdlV3pyaTTqRu2ETbEv+HlV7O6y7hyQURnghNIXvctl5DuZ//Dpks6HdL/Txgw=="
      },
      "System.Linq.Async": {
        "type": "Transitive",
        "resolved": "6.0.1",
        "contentHash": "0YhHcaroWpQ9UCot3Pizah7ryAzQhNvobLMSxeDIGmnXfkQn8u5owvpOH0K6EVB+z9L7u6Cc4W17Br/+jyttEQ==",
        "dependencies": {
          "Microsoft.Bcl.AsyncInterfaces": "6.0.0"
        }
      },
      "System.Memory": {
        "type": "Transitive",
        "resolved": "4.5.3",
        "contentHash": "3oDzvc/zzetpTKWMShs1AADwZjQ/36HnsufHRPcOjyRAAMLDlu2iD33MBI2opxnezcVUtXyqDXXjoFMOU9c7SA=="
      },
      "System.Reactive": {
        "type": "Transitive",
        "resolved": "6.0.0",
        "contentHash": "31kfaW4ZupZzPsI5PVe77VhnvFF55qgma7KZr/E0iFTs6fmdhhG8j0mgEx620iLTey1EynOkEfnyTjtNEpJzGw=="
      },
      "System.Reflection.Metadata": {
        "type": "Transitive",
        "resolved": "6.0.1",
        "contentHash": "III/lNMSn0ZRBuM9m5Cgbiho5j81u0FAEagFX5ta2DKbljZ3T0IpD8j+BIiHQPeKqJppWS9bGEp6JnKnWKze0g==",
        "dependencies": {
          "System.Collections.Immutable": "6.0.0"
        }
      },
      "System.Runtime.CompilerServices.Unsafe": {
        "type": "Transitive",
        "resolved": "6.0.0",
        "contentHash": "/iUeP3tq1S0XdNNoMz5C9twLSrM/TH+qElHkXWaPvuNOt+99G75NrV0OS2EqHx5wMN7popYjpc8oTjC1y16DLg=="
      },
      "System.Text.Encoding.CodePages": {
        "type": "Transitive",
        "resolved": "8.0.0",
        "contentHash": "OZIsVplFGaVY90G2SbpgU7EnCoOO5pw1t4ic21dBF3/1omrJFpAGoNAVpPyMVOC90/hvgkGG3VFqR13YgZMQfg=="
      },
      "System.Text.Encodings.Web": {
        "type": "Transitive",
        "resolved": "8.0.0",
        "contentHash": "yev/k9GHAEGx2Rg3/tU6MQh4HGBXJs70y7j1LaM1i/ER9po+6nnQ6RRqTJn1E7Xu0fbIFK80Nh5EoODxrbxwBQ=="
      },
      "System.Text.Json": {
        "type": "Transitive",
        "resolved": "8.0.0",
        "contentHash": "OdrZO2WjkiEG6ajEFRABTRCi/wuXQPxeV6g8xvUJqdxMvvuCCEk86zPla8UiIQJz3durtUEbNyY/3lIhS0yZvQ==",
        "dependencies": {
          "System.Text.Encodings.Web": "8.0.0"
        }
      },
      "System.Threading.Channels": {
        "type": "Transitive",
        "resolved": "6.0.0",
        "contentHash": "TY8/9+tI0mNaUMgntOxxaq2ndTkdXqLSxvPmas7XEqOlv9lQtB7wLjYGd756lOaO7Dvb5r/WXhluM+0Xe87v5Q=="
      },
      "System.ValueTuple": {
        "type": "Transitive",
        "resolved": "4.5.0",
        "contentHash": "okurQJO6NRE/apDIP23ajJ0hpiNmJ+f0BwOlB/cSqTLQlw5upkf+5+96+iG2Jw40G1fCVCyPz/FhIABUjMR+RQ=="
      }
    }
  }
}