{
  "version": 1,
  "dependencies": {
    "net9.0": {
      "coverlet.collector": {
        "type": "Direct",
        "requested": "[6.0.4, )",
        "resolved": "6.0.4",
        "contentHash": "lkhqpF8Pu2Y7IiN7OntbsTtdbpR1syMsm2F3IgX6ootA4ffRqWL5jF7XipHuZQTdVuWG/gVAAcf8mjk8Tz0xPg=="
      },
      "Microsoft.NET.Test.Sdk": {
        "type": "Direct",
        "requested": "[18.0.1, )",
        "resolved": "18.0.1",
        "contentHash": "WNpu6vI2rA0pXY4r7NKxCN16XRWl5uHu6qjuyVLoDo6oYEggIQefrMjkRuibQHm/NslIUNCcKftvoWAN80MSAg==",
        "dependencies": {
          "Microsoft.CodeCoverage": "18.0.1",
          "Microsoft.TestPlatform.TestHost": "18.0.1"
        }
      },
      "NSubstitute": {
        "type": "Direct",
        "requested": "[5.3.0, )",
        "resolved": "5.3.0",
        "contentHash": "lJ47Cps5Qzr86N99lcwd+OUvQma7+fBgr8+Mn+aOC0WrlqMNkdivaYD9IvnZ5Mqo6Ky3LS7ZI+tUq1/s9ERd0Q==",
        "dependencies": {
          "Castle.Core": "5.1.1"
        }
      },
      "xunit": {
        "type": "Direct",
        "requested": "[2.9.3, )",
        "resolved": "2.9.3",
        "contentHash": "TlXQBinK35LpOPKHAqbLY4xlEen9TBafjs0V5KnA4wZsoQLQJiirCR4CbIXvOH8NzkW4YeJKP5P/Bnrodm0h9Q==",
        "dependencies": {
          "xunit.analyzers": "1.18.0",
          "xunit.assert": "2.9.3",
          "xunit.core": "[2.9.3]"
        }
      },
      "xunit.runner.visualstudio": {
        "type": "Direct",
        "requested": "[3.1.5, )",
        "resolved": "3.1.5",
        "contentHash": "tKi7dSTwP4m5m9eXPM2Ime4Kn7xNf4x4zT9sdLO/G4hZVnQCRiMTWoSZqI/pYTVeI27oPPqHBKYI/DjJ9GsYgA=="
      },
      "AngleSharp": {
        "type": "Transitive",
        "resolved": "1.4.0",
        "contentHash": "6ph8mpaQx0KL0COYRt0kI8MB9gSp1PtKijKMhJU//+aVFgKAJLKDesG/+26JSaVCOrHNgPf12wpfoyRcMYOeXg=="
      },
      "Castle.Core": {
        "type": "Transitive",
        "resolved": "5.1.1",
        "contentHash": "rpYtIczkzGpf+EkZgDr9CClTdemhsrwA/W5hMoPjLkRFnXzH44zDLoovXeKtmxb1ykXK9aJVODSpiJml8CTw2g==",
        "dependencies": {
          "System.Diagnostics.EventLog": "6.0.0"
        }
      },
      "Discord.Net": {
        "type": "Transitive",
        "resolved": "3.18.0",
        "contentHash": "cvLvdgHNJrqbyCxIxY3GBmE8i9dTdyqFwlsqECDAOcNHIZ7J1ep7N0+wRvoQm9JQ23LcjIZOSZf1xxHcCA7lzg==",
        "dependencies": {
          "Discord.Net.Commands": "3.18.0",
          "Discord.Net.Core": "3.18.0",
          "Discord.Net.Interactions": "3.18.0",
          "Discord.Net.Rest": "3.18.0",
          "Discord.Net.WebSocket": "3.18.0",
          "Discord.Net.Webhook": "3.18.0"
        }
      },
      "Discord.Net.Commands": {
        "type": "Transitive",
        "resolved": "3.18.0",
        "contentHash": "FHJ5y6nvUeO2ik51akaaVdkXfYbW5sMm7fQRcu7oQ28e5bvIbDascjtQNI8jeDrwcZ3b1R21raVpr/iWB+rAXg==",
        "dependencies": {
          "Discord.Net.Core": "3.18.0",
          "Microsoft.Extensions.DependencyInjection.Abstractions": "8.0.0"
        }
      },
      "Discord.Net.Core": {
        "type": "Transitive",
        "resolved": "3.18.0",
        "contentHash": "iu/KzWHMmCiilAs1EZXc+fAMsMTwZht5BxmYcMMzyE3oNknHfc1n2e4wIQQXCYVrIOBnH3e70qEEfFcAOCMr7Q==",
        "dependencies": {
          "Newtonsoft.Json": "13.0.3",
          "System.Collections.Immutable": "8.0.0",
          "System.Interactive.Async": "6.0.1",
          "System.ValueTuple": "4.5.0"
        }
      },
      "Discord.Net.Interactions": {
        "type": "Transitive",
        "resolved": "3.18.0",
        "contentHash": "znyLG+MffuhjVKWjY/2YJXzRdBEb6aATTsfx13x8feEJDKnqh2aGY7dY+D1ricyZAxOtIt983Bd93ZnFef7Nrg==",
        "dependencies": {
          "Discord.Net.Core": "3.18.0",
          "Discord.Net.Rest": "3.18.0",
          "Microsoft.Extensions.DependencyInjection.Abstractions": "8.0.0",
          "System.Collections.Immutable": "8.0.0",
          "System.Reactive": "6.0.1"
        }
      },
      "Discord.Net.Rest": {
        "type": "Transitive",
        "resolved": "3.18.0",
        "contentHash": "TSg7cvYOuu6amdyW9yTt7KSLXRXOu/F2WV2lvQHCYw8HI/QAhCx7T0s8H8DVvDdv6AB5SboKB1+JTf/lQgsMqw==",
        "dependencies": {
          "Discord.Net.Core": "3.18.0"
        }
      },
      "Discord.Net.Webhook": {
        "type": "Transitive",
        "resolved": "3.18.0",
        "contentHash": "ZMsF5i3CaFbRzHwPwMd6d3GGJJwjBPKRJXswe/iSFv3ZgDo3j9lLXui8WwX8XqPna9ZC3I0aT8hVB5lbWKRI+g==",
        "dependencies": {
          "Discord.Net.Core": "3.18.0",
          "Discord.Net.Rest": "3.18.0"
        }
      },
      "Discord.Net.WebSocket": {
        "type": "Transitive",
        "resolved": "3.18.0",
        "contentHash": "ZAAb/qw+P7Yql1YaP6RzNV7zZRFjAbEdO7RLrKpwCVSc35iGSoYgwAr358AjQ4wAz+GQxDxnbrJM/zcqjWJ1Uw==",
        "dependencies": {
          "Discord.Net.Core": "3.18.0",
          "Discord.Net.Rest": "3.18.0"
        }
      },
      "EFCore.NamingConventions": {
        "type": "Transitive",
        "resolved": "9.0.0",
        "contentHash": "heKIYzPdEWx+Ba4xuG6jfEssW9rEi7I0lX38eoN7wo7qgg9uw7nn8UEmDQfwGEYPzSDpetCVANnDr5tqt2Asjg==",
        "dependencies": {
          "Microsoft.EntityFrameworkCore": "[9.0.0, 10.0.0)",
          "Microsoft.EntityFrameworkCore.Relational": "[9.0.0, 10.0.0)",
          "Microsoft.Extensions.DependencyInjection.Abstractions": "9.0.0"
        }
      },
      "Markdig": {
        "type": "Transitive",
        "resolved": "0.44.0",
        "contentHash": "X+CYMjcUnh/yO24wOSQxVFLiGqWrrtXJ5M7toHiM1Zk4Fg9UMLN5fkaq6FSOWH+mIprsHHgDMlq3MJhmrXalhg=="
      },
      "Microsoft.Bcl.AsyncInterfaces": {
        "type": "Transitive",
        "resolved": "6.0.0",
        "contentHash": "UcSjPsst+DfAdJGVDsu346FX0ci0ah+lw3WRtn18NUwEqRt70HaOQ7lI72vy3+1LxtqI3T5GWwV39rQSrCzAeg=="
      },
      "Microsoft.CodeCoverage": {
        "type": "Transitive",
        "resolved": "18.0.1",
        "contentHash": "O+utSr97NAJowIQT/OVp3Lh9QgW/wALVTP4RG1m2AfFP4IyJmJz0ZBmFJUsRQiAPgq6IRC0t8AAzsiPIsaUDEA=="
      },
      "Microsoft.Data.Sqlite.Core": {
        "type": "Transitive",
        "resolved": "9.0.11",
        "contentHash": "l0IFYa6sxJdlDDfMaw/fMNIoXyWnBx6w5fu7BsNaqU8sXLuotFzUjsutXosu/IPUyBOpO2GG3hLuPMLz/CwWTQ==",
        "dependencies": {
          "SQLitePCLRaw.core": "2.1.10"
        }
      },
      "Microsoft.EntityFrameworkCore": {
        "type": "Transitive",
        "resolved": "9.0.11",
        "contentHash": "lqqV6JEmVv8s0Y/25RnKtYZ6qL+Vz14wEsrBV1ubVUyzDGrOp+10XJ54HNuRLUzdvzVPR2uQ5li/CPrBj0kQHg==",
        "dependencies": {
          "Microsoft.EntityFrameworkCore.Abstractions": "9.0.11",
          "Microsoft.EntityFrameworkCore.Analyzers": "9.0.11",
          "Microsoft.Extensions.Caching.Memory": "9.0.11",
          "Microsoft.Extensions.Logging": "9.0.11"
        }
      },
      "Microsoft.EntityFrameworkCore.Abstractions": {
        "type": "Transitive",
        "resolved": "9.0.11",
        "contentHash": "MHcdHm7vF71MfqYC68Jx9YfDAjxcuClGBZJk5zcJDRhVO4HgX+QFsOqcAisKWb20aBeF0IN1YkSktnEUf/tmLQ=="
      },
      "Microsoft.EntityFrameworkCore.Analyzers": {
        "type": "Transitive",
        "resolved": "9.0.11",
        "contentHash": "ccEk88YkXXWV+s5ZS+27UoY5YUVzgx8mq7kl+e05+AgJPGLhtmpQL26LxqBV1StJZEl2KaL8BxzABvXTXBAkoQ=="
      },
      "Microsoft.EntityFrameworkCore.Relational": {
        "type": "Transitive",
        "resolved": "9.0.11",
        "contentHash": "b6A19xFuU2F92C7N70+HSjRcxwDHTYTdZ/1PyLpHmzXt35G6ugCVKTPS+YJVK1u5ArrDFGQNu+EI+UrSRgUwGA==",
        "dependencies": {
          "Microsoft.EntityFrameworkCore": "9.0.11",
          "Microsoft.Extensions.Caching.Memory": "9.0.11",
          "Microsoft.Extensions.Configuration.Abstractions": "9.0.11",
          "Microsoft.Extensions.Logging": "9.0.11"
        }
      },
      "Microsoft.EntityFrameworkCore.Sqlite": {
        "type": "Transitive",
        "resolved": "9.0.11",
        "contentHash": "mEmJMkMGpIB1J5gBTkbs4ximer2G+G/I8mO2unMjtimFo1XvV7+vTqUJ9ReEMMI/BGUFtIGifFUSy7QsqKUnRA==",
        "dependencies": {
          "Microsoft.EntityFrameworkCore.Sqlite.Core": "9.0.11",
          "Microsoft.Extensions.Caching.Memory": "9.0.11",
          "Microsoft.Extensions.Configuration.Abstractions": "9.0.11",
          "Microsoft.Extensions.DependencyModel": "9.0.11",
          "Microsoft.Extensions.Logging": "9.0.11",
          "SQLitePCLRaw.bundle_e_sqlite3": "2.1.10",
          "SQLitePCLRaw.core": "2.1.10",
          "System.Text.Json": "9.0.11"
        }
      },
      "Microsoft.EntityFrameworkCore.Sqlite.Core": {
        "type": "Transitive",
        "resolved": "9.0.11",
        "contentHash": "NNfHGXUZ+Ie3Wrzja9ar3hU3octv/fi4ELS6poG2Ncp4p1Kj2rgIhXRMK8zL2BjcNAnGQojhJkBKjEOmhJaIxA==",
        "dependencies": {
          "Microsoft.Data.Sqlite.Core": "9.0.11",
          "Microsoft.EntityFrameworkCore.Relational": "9.0.11",
          "Microsoft.Extensions.Caching.Memory": "9.0.11",
          "Microsoft.Extensions.Configuration.Abstractions": "9.0.11",
          "Microsoft.Extensions.DependencyModel": "9.0.11",
          "Microsoft.Extensions.Logging": "9.0.11",
          "SQLitePCLRaw.core": "2.1.10",
          "System.Text.Json": "9.0.11"
        }
      },
      "Microsoft.Extensions.Caching.Abstractions": {
        "type": "Transitive",
        "resolved": "9.0.11",
        "contentHash": "PRv1SPyrgl/ullMF6eKDuEULRkTc10fVcnWvzFhqIMDA3m5f91znKH9ZNsKZBgu4xVc4ulNt7TEXyyt0rdlB3g==",
        "dependencies": {
          "Microsoft.Extensions.Primitives": "9.0.11"
        }
      },
      "Microsoft.Extensions.Caching.Memory": {
        "type": "Transitive",
        "resolved": "9.0.11",
        "contentHash": "J77oUeVZXdMoiUiCPkL4v13KrNRuMQnSHHw78cTh/2ZidyiMFm8jhu49OUKvNydMUX8ZcuM5g8uohW18YaglMw==",
        "dependencies": {
          "Microsoft.Extensions.Caching.Abstractions": "9.0.11",
          "Microsoft.Extensions.DependencyInjection.Abstractions": "9.0.11",
          "Microsoft.Extensions.Logging.Abstractions": "9.0.11",
          "Microsoft.Extensions.Options": "9.0.11",
          "Microsoft.Extensions.Primitives": "9.0.11"
        }
      },
      "Microsoft.Extensions.Caching.StackExchangeRedis": {
        "type": "Transitive",
        "resolved": "9.0.11",
        "contentHash": "Y7SBVzuZb+nR9ide48yO0Jxo+Spc/FSaFuH+kgvQ8Cwag59TD6G5kUvnWogr/V+mdQhCIB35yeKm0mAUvbGipA==",
        "dependencies": {
          "Microsoft.Extensions.Caching.Abstractions": "9.0.11",
          "Microsoft.Extensions.Logging.Abstractions": "9.0.11",
          "Microsoft.Extensions.Options": "9.0.11",
          "StackExchange.Redis": "2.7.27"
        }
      },
      "Microsoft.Extensions.Configuration": {
        "type": "Transitive",
        "resolved": "10.0.0",
        "contentHash": "H4SWETCh/cC5L1WtWchHR6LntGk3rDTTznZMssr4cL8IbDmMWBxY+MOGDc/ASnqNolLKPIWHWeuC1ddiL/iNPw==",
        "dependencies": {
          "Microsoft.Extensions.Configuration.Abstractions": "10.0.0",
          "Microsoft.Extensions.Primitives": "10.0.0"
        }
      },
      "Microsoft.Extensions.Configuration.Abstractions": {
        "type": "Transitive",
        "resolved": "10.0.0",
        "contentHash": "d2kDKnCsJvY7mBVhcjPSp9BkJk48DsaHPg5u+Oy4f8XaOqnEedRy/USyvnpHL92wpJ6DrTPy7htppUUzskbCXQ==",
        "dependencies": {
          "Microsoft.Extensions.Primitives": "10.0.0"
        }
      },
      "Microsoft.Extensions.Configuration.Binder": {
        "type": "Transitive",
        "resolved": "10.0.0",
        "contentHash": "tMF9wNh+hlyYDWB8mrFCQHQmWHlRosol1b/N2Jrefy1bFLnuTlgSYmPyHNmz8xVQgs7DpXytBRWxGhG+mSTp0g==",
        "dependencies": {
          "Microsoft.Extensions.Configuration": "10.0.0",
          "Microsoft.Extensions.Configuration.Abstractions": "10.0.0"
        }
      },
      "Microsoft.Extensions.Configuration.CommandLine": {
        "type": "Transitive",
        "resolved": "9.0.11",
        "contentHash": "3ts2FBnAvfcykh4OR8lkSw/RUbXHATUN1q1C8bIaz6vHVL8ERSbtF+9xbRJ/XfFz6iAIj7EGR5LpCT/FMi9RuQ==",
        "dependencies": {
          "Microsoft.Extensions.Configuration": "9.0.11",
          "Microsoft.Extensions.Configuration.Abstractions": "9.0.11"
        }
      },
      "Microsoft.Extensions.Configuration.EnvironmentVariables": {
        "type": "Transitive",
        "resolved": "9.0.11",
        "contentHash": "SM5XcpQGCHLRTtNQNXAQoChN+35dnnViw16+a67xcw2V1TfjmpPDDXvzD8dm0AVqXeRGe6XhzjPhn5yJwFIa3w==",
        "dependencies": {
          "Microsoft.Extensions.Configuration": "9.0.11",
          "Microsoft.Extensions.Configuration.Abstractions": "9.0.11"
        }
      },
      "Microsoft.Extensions.Configuration.FileExtensions": {
        "type": "Transitive",
        "resolved": "9.0.11",
        "contentHash": "gHYodEKKbVOQyuS1LTu2ybLQmui9l9/GfYJVUzQrywTgOpNMlqRxRaDw91jaNbinUtiiGSQAm+v35Dw09IIL6Q==",
        "dependencies": {
          "Microsoft.Extensions.Configuration": "9.0.11",
          "Microsoft.Extensions.Configuration.Abstractions": "9.0.11",
          "Microsoft.Extensions.FileProviders.Abstractions": "9.0.11",
          "Microsoft.Extensions.FileProviders.Physical": "9.0.11",
          "Microsoft.Extensions.Primitives": "9.0.11"
        }
      },
      "Microsoft.Extensions.Configuration.Json": {
        "type": "Transitive",
        "resolved": "9.0.11",
        "contentHash": "OCcePObZ8EWviNbLmNdbWMgxsTxS0ar/PZj0rhFA1WSuv6JWsJAhlA6FXlMpa7k+1R/UQD0UT8GoRXyAvptghA==",
        "dependencies": {
          "Microsoft.Extensions.Configuration": "9.0.11",
          "Microsoft.Extensions.Configuration.Abstractions": "9.0.11",
          "Microsoft.Extensions.Configuration.FileExtensions": "9.0.11",
          "Microsoft.Extensions.FileProviders.Abstractions": "9.0.11"
        }
      },
      "Microsoft.Extensions.Configuration.UserSecrets": {
        "type": "Transitive",
        "resolved": "9.0.11",
        "contentHash": "ZjOQjdSTDCFtc4Rawibwh7igmIFyN4x8o7fTF3I2I9/aya4bWbXHfWzMY2e6+W4g0nmF8gYBieT0dwAu6pmAiQ==",
        "dependencies": {
          "Microsoft.Extensions.Configuration.Abstractions": "9.0.11",
          "Microsoft.Extensions.Configuration.Json": "9.0.11",
          "Microsoft.Extensions.FileProviders.Abstractions": "9.0.11",
          "Microsoft.Extensions.FileProviders.Physical": "9.0.11"
        }
      },
      "Microsoft.Extensions.DependencyInjection": {
        "type": "Transitive",
        "resolved": "9.0.11",
        "contentHash": "UquyDzvz0EneIQrrU67GJkIgynS+VD7t+RDtNv6VgKMOFrLBjldn6hzlXppGGecFMvAkMTqn4T8RYvzw7j7fQA==",
        "dependencies": {
          "Microsoft.Extensions.DependencyInjection.Abstractions": "9.0.11"
        }
      },
      "Microsoft.Extensions.DependencyInjection.Abstractions": {
        "type": "Transitive",
        "resolved": "9.0.11",
        "contentHash": "+ZxxZzcVU+IEzq12GItUzf/V3mEc5nSLiXijwvDc4zyhbjvSZZ043giSZqGnhakrjwRWjkerIHPrRwm9okEIpw=="
      },
      "Microsoft.Extensions.DependencyModel": {
        "type": "Transitive",
        "resolved": "10.0.0",
        "contentHash": "RFYJR7APio/BiqdQunRq6DB+nDB6nc2qhHr77mlvZ0q0BT8PubMXN7XicmfzCbrDE/dzhBnUKBRXLTcqUiZDGg==",
        "dependencies": {
          "System.Text.Encodings.Web": "10.0.0",
          "System.Text.Json": "10.0.0"
        }
      },
      "Microsoft.Extensions.Diagnostics": {
        "type": "Transitive",
        "resolved": "9.0.11",
        "contentHash": "WkriTCwxW0QbIgPYXGy329wQKcS4lmstwwysCHcjok2acPd626ysPcwMpw1pSBNzkdkMsqcbcJLlpVc9kP/YiQ==",
        "dependencies": {
          "Microsoft.Extensions.Configuration": "9.0.11",
          "Microsoft.Extensions.Diagnostics.Abstractions": "9.0.11",
          "Microsoft.Extensions.Options.ConfigurationExtensions": "9.0.11"
        }
      },
      "Microsoft.Extensions.Diagnostics.Abstractions": {
        "type": "Transitive",
        "resolved": "9.0.11",
        "contentHash": "D9gu4weEmvWGuz8zp5xwsOr0ldmWphMKr7+IW66hG4rnrgpMLtTWoOINBOX5mcRTPL39+AVd3BJdc4HTvl2NrA==",
        "dependencies": {
          "Microsoft.Extensions.DependencyInjection.Abstractions": "9.0.11",
          "Microsoft.Extensions.Options": "9.0.11"
        }
      },
      "Microsoft.Extensions.FileProviders.Abstractions": {
        "type": "Transitive",
        "resolved": "9.0.11",
        "contentHash": "YEPsXWcoNde6J6W/MMjIuNQMPkKTL4NS0AJ1rsAt48+GuJYoZU+Mi4T8PwyzYGDLxhUsH3Wa32DlbKtDkzT40A==",
        "dependencies": {
          "Microsoft.Extensions.Primitives": "9.0.11"
        }
      },
      "Microsoft.Extensions.FileProviders.Physical": {
        "type": "Transitive",
        "resolved": "9.0.11",
        "contentHash": "PJmQlhkNrYoIZXyQ3lSavqDJIBhmFOBUyq5oFmcflXcv3S3Y5Z1pX1zJVjdG1jjJzhB9DH9LMt7cgjqaqsLnTA==",
        "dependencies": {
          "Microsoft.Extensions.FileProviders.Abstractions": "9.0.11",
          "Microsoft.Extensions.FileSystemGlobbing": "9.0.11",
          "Microsoft.Extensions.Primitives": "9.0.11"
        }
      },
      "Microsoft.Extensions.FileSystemGlobbing": {
        "type": "Transitive",
        "resolved": "9.0.11",
        "contentHash": "v1sCr/49hkpE6hXwrgDbELyG0Og7S3S3mJNFaWAS1grCVNaB3EhyJtWmnNbw04CKK4/H90Kckd7JBU6y8xu6sw=="
      },
      "Microsoft.Extensions.Hosting": {
        "type": "Transitive",
        "resolved": "9.0.11",
        "contentHash": "Ksq1SmeiQ2ZoBK7+u/a+0kNDY/11bl2vVyosfdgwsUmQXxKhPZvU53bdglSw9OHhIJOoJa1o1Pu8Dm6JLardpg==",
        "dependencies": {
          "Microsoft.Extensions.Configuration": "9.0.11",
          "Microsoft.Extensions.Configuration.Abstractions": "9.0.11",
          "Microsoft.Extensions.Configuration.Binder": "9.0.11",
          "Microsoft.Extensions.Configuration.CommandLine": "9.0.11",
          "Microsoft.Extensions.Configuration.EnvironmentVariables": "9.0.11",
          "Microsoft.Extensions.Configuration.FileExtensions": "9.0.11",
          "Microsoft.Extensions.Configuration.Json": "9.0.11",
          "Microsoft.Extensions.Configuration.UserSecrets": "9.0.11",
          "Microsoft.Extensions.DependencyInjection": "9.0.11",
          "Microsoft.Extensions.DependencyInjection.Abstractions": "9.0.11",
          "Microsoft.Extensions.Diagnostics": "9.0.11",
          "Microsoft.Extensions.FileProviders.Abstractions": "9.0.11",
          "Microsoft.Extensions.FileProviders.Physical": "9.0.11",
          "Microsoft.Extensions.Hosting.Abstractions": "9.0.11",
          "Microsoft.Extensions.Logging": "9.0.11",
          "Microsoft.Extensions.Logging.Abstractions": "9.0.11",
          "Microsoft.Extensions.Logging.Configuration": "9.0.11",
          "Microsoft.Extensions.Logging.Console": "9.0.11",
          "Microsoft.Extensions.Logging.Debug": "9.0.11",
          "Microsoft.Extensions.Logging.EventLog": "9.0.11",
          "Microsoft.Extensions.Logging.EventSource": "9.0.11",
          "Microsoft.Extensions.Options": "9.0.11"
        }
      },
      "Microsoft.Extensions.Hosting.Abstractions": {
        "type": "Transitive",
        "resolved": "9.0.11",
        "contentHash": "cQsyEUYRYRzRf4y7Xn4W8bbspgXj0oNA9drEa6lVmU9qL7xv2dfCdcVVLCp6Hhs8hN7R7TfRFdQa1uXBS+96fA==",
        "dependencies": {
          "Microsoft.Extensions.Configuration.Abstractions": "9.0.11",
          "Microsoft.Extensions.DependencyInjection.Abstractions": "9.0.11",
          "Microsoft.Extensions.Diagnostics.Abstractions": "9.0.11",
          "Microsoft.Extensions.FileProviders.Abstractions": "9.0.11",
          "Microsoft.Extensions.Logging.Abstractions": "9.0.11"
        }
      },
      "Microsoft.Extensions.Logging": {
        "type": "Transitive",
        "resolved": "9.0.11",
        "contentHash": "PVHYgMmMZFEE3PGpc7oZ9CnoyNonNyT5klrV9pNIzCPxL12FpQ7kNhliXAwowmtaDVBmKnG/1db6d7gqPwDj8g==",
        "dependencies": {
          "Microsoft.Extensions.DependencyInjection": "9.0.11",
          "Microsoft.Extensions.Logging.Abstractions": "9.0.11",
          "Microsoft.Extensions.Options": "9.0.11"
        }
      },
      "Microsoft.Extensions.Logging.Abstractions": {
        "type": "Transitive",
        "resolved": "9.0.11",
        "contentHash": "UKWFTDwtZQIoypyt1YPVsxTnDK+0sKn26+UeSGeNlkRQddrkt9EC6kP4g94rgO/WOZkz94bKNlF1dVZN3QfPFQ==",
        "dependencies": {
          "Microsoft.Extensions.DependencyInjection.Abstractions": "9.0.11"
        }
      },
      "Microsoft.Extensions.Logging.Configuration": {
        "type": "Transitive",
        "resolved": "9.0.11",
        "contentHash": "NyBADqPcVpyJTD261c1/3Hr8sI+rOLFEJ9U5ts4KFlJy/cHMmF01X7LjsrieIRIxEjQz0NV5xSG4J2xN9/Ddeg==",
        "dependencies": {
          "Microsoft.Extensions.Configuration": "9.0.11",
          "Microsoft.Extensions.Configuration.Abstractions": "9.0.11",
          "Microsoft.Extensions.Configuration.Binder": "9.0.11",
          "Microsoft.Extensions.DependencyInjection.Abstractions": "9.0.11",
          "Microsoft.Extensions.Logging": "9.0.11",
          "Microsoft.Extensions.Logging.Abstractions": "9.0.11",
          "Microsoft.Extensions.Options": "9.0.11",
          "Microsoft.Extensions.Options.ConfigurationExtensions": "9.0.11"
        }
      },
      "Microsoft.Extensions.Logging.Console": {
        "type": "Transitive",
        "resolved": "9.0.11",
        "contentHash": "p99Uw/30KBdJKsYdO+mUrPnx3/qerGdq0hWUnEQUeOUKLGoAMrG+JK3zDub2T1G7H9m11nHFCjQ0TGPsUYMVYg==",
        "dependencies": {
          "Microsoft.Extensions.DependencyInjection.Abstractions": "9.0.11",
          "Microsoft.Extensions.Logging": "9.0.11",
          "Microsoft.Extensions.Logging.Abstractions": "9.0.11",
          "Microsoft.Extensions.Logging.Configuration": "9.0.11",
          "Microsoft.Extensions.Options": "9.0.11"
        }
      },
      "Microsoft.Extensions.Logging.Debug": {
        "type": "Transitive",
        "resolved": "9.0.11",
        "contentHash": "FNjoy1TIpfdSW9Dkqxcnbb4RJXVNAlRVOC7RMGtno8cwPoGnfdlU0Y9ZIvXhqnIk1KbnzU4boXfZx7WutC7Swg==",
        "dependencies": {
          "Microsoft.Extensions.DependencyInjection.Abstractions": "9.0.11",
          "Microsoft.Extensions.Logging": "9.0.11",
          "Microsoft.Extensions.Logging.Abstractions": "9.0.11"
        }
      },
      "Microsoft.Extensions.Logging.EventLog": {
        "type": "Transitive",
        "resolved": "9.0.11",
        "contentHash": "kwrboO5hi2LYhkYxbi1bA1s+1OjDw8KtaWXF+sU0f4iAnigLv0ASluVykOYOoksJr4ZuKgaICqI5K00ggI+1Zg==",
        "dependencies": {
          "Microsoft.Extensions.DependencyInjection.Abstractions": "9.0.11",
          "Microsoft.Extensions.Logging": "9.0.11",
          "Microsoft.Extensions.Logging.Abstractions": "9.0.11",
          "Microsoft.Extensions.Options": "9.0.11",
          "System.Diagnostics.EventLog": "9.0.11"
        }
      },
      "Microsoft.Extensions.Logging.EventSource": {
        "type": "Transitive",
        "resolved": "9.0.11",
        "contentHash": "9/uhnre+IODsSJkaS2IWAH7SIyONWj8A8wn+Sbx+C4EdAvoRQZHVaUuFqJZB7eR8KhIckuLVly8uJXBC+gRUWA==",
        "dependencies": {
          "Microsoft.Extensions.DependencyInjection.Abstractions": "9.0.11",
          "Microsoft.Extensions.Logging": "9.0.11",
          "Microsoft.Extensions.Logging.Abstractions": "9.0.11",
          "Microsoft.Extensions.Options": "9.0.11",
          "Microsoft.Extensions.Primitives": "9.0.11"
        }
      },
      "Microsoft.Extensions.Options": {
        "type": "Transitive",
        "resolved": "9.0.11",
        "contentHash": "HX4M3BLkW1dtByMKHDVq6r7Jy6e4hf8NDzHpIgz7C8BtYk9JQHhfYX5c1UheQTD5Veg1yBhz/cD9C8vtrGrk9w==",
        "dependencies": {
          "Microsoft.Extensions.DependencyInjection.Abstractions": "9.0.11",
          "Microsoft.Extensions.Primitives": "9.0.11"
        }
      },
      "Microsoft.Extensions.Options.ConfigurationExtensions": {
        "type": "Transitive",
        "resolved": "9.0.11",
        "contentHash": "HUzr4c1eMXCQN8Yre2JdCzYmLJAecFGVXfByVhjEY4jBaHIs8EAxdv72WMUa2GcROlkYPbYNzMbcqJPMiznHxw==",
        "dependencies": {
          "Microsoft.Extensions.Configuration.Abstractions": "9.0.11",
          "Microsoft.Extensions.Configuration.Binder": "9.0.11",
          "Microsoft.Extensions.DependencyInjection.Abstractions": "9.0.11",
          "Microsoft.Extensions.Options": "9.0.11",
          "Microsoft.Extensions.Primitives": "9.0.11"
        }
      },
      "Microsoft.Extensions.Primitives": {
        "type": "Transitive",
        "resolved": "10.0.0",
        "contentHash": "inRnbpCS0nwO/RuoZIAqxQUuyjaknOOnCEZB55KSMMjRhl0RQDttSmLSGsUJN3RQ3ocf5NDLFd2mOQViHqMK5w=="
      },
      "Microsoft.TestPlatform.ObjectModel": {
        "type": "Transitive",
        "resolved": "18.0.1",
        "contentHash": "qT/mwMcLF9BieRkzOBPL2qCopl8hQu6A1P7JWAoj/FMu5i9vds/7cjbJ/LLtaiwWevWLAeD5v5wjQJ/l6jvhWQ==",
        "dependencies": {
          "System.Reflection.Metadata": "8.0.0"
        }
      },
      "Microsoft.TestPlatform.TestHost": {
        "type": "Transitive",
        "resolved": "18.0.1",
        "contentHash": "uDJKAEjFTaa2wHdWlfo6ektyoh+WD4/Eesrwb4FpBFKsLGehhACVnwwTI4qD3FrIlIEPlxdXg3SyrYRIcO+RRQ==",
        "dependencies": {
          "Microsoft.TestPlatform.ObjectModel": "18.0.1",
          "Newtonsoft.Json": "13.0.3"
        }
      },
      "MySqlConnector": {
        "type": "Transitive",
        "resolved": "2.4.0",
        "contentHash": "78M+gVOjbdZEDIyXQqcA7EYlCGS3tpbUELHvn6638A2w0pkPI625ixnzsa5staAd3N9/xFmPJtkKDYwsXpFi/w==",
        "dependencies": {
          "Microsoft.Extensions.DependencyInjection.Abstractions": "8.0.2",
          "Microsoft.Extensions.Logging.Abstractions": "8.0.2"
        }
      },
      "Newtonsoft.Json": {
        "type": "Transitive",
        "resolved": "13.0.3",
        "contentHash": "HrC5BXdl00IP9zeV+0Z848QWPAoCr9P3bDEZguI+gkLcBKAOxix/tLEAAHC+UvDNPv4a2d18lOReHMOagPa+zQ=="
      },
      "Pipelines.Sockets.Unofficial": {
        "type": "Transitive",
        "resolved": "2.2.8",
        "contentHash": "zG2FApP5zxSx6OcdJQLbZDk2AVlN2BNQD6MorwIfV6gVj0RRxWPEp2LXAxqDGZqeNV1Zp0BNPcNaey/GXmTdvQ==",
        "dependencies": {
          "System.IO.Pipelines": "5.0.1"
        }
      },
      "Polly.Core": {
        "type": "Transitive",
        "resolved": "8.6.5",
        "contentHash": "t+sUVrIwvo7UmsgHGgOG9F0GDZSRIm47u2ylH17Gvcv1q5hNEwgD5GoBlFyc0kh/pebmPyrAgvGsR/65ZBaXlg=="
      },
      "Pomelo.EntityFrameworkCore.MySql": {
        "type": "Transitive",
        "resolved": "9.0.0",
        "contentHash": "cl7S4s6CbJno0LjNxrBHNc2xxmCliR5i40ATPZk/eTywVaAbHCbdc9vbGc3QThvwGjHqrDHT8vY9m1VF/47o0g==",
        "dependencies": {
          "Microsoft.EntityFrameworkCore.Relational": "[9.0.0, 9.0.999]",
          "MySqlConnector": "2.4.0"
        }
      },
      "Serilog": {
        "type": "Transitive",
        "resolved": "4.3.0",
        "contentHash": "+cDryFR0GRhsGOnZSKwaDzRRl4MupvJ42FhCE4zhQRVanX0Jpg6WuCBk59OVhVDPmab1bB+nRykAnykYELA9qQ=="
      },
      "Serilog.Extensions.Hosting": {
        "type": "Transitive",
        "resolved": "9.0.0",
        "contentHash": "u2TRxuxbjvTAldQn7uaAwePkWxTHIqlgjelekBtilAGL5sYyF3+65NWctN4UrwwGLsDC7c3Vz3HnOlu+PcoxXg==",
        "dependencies": {
          "Microsoft.Extensions.DependencyInjection.Abstractions": "9.0.0",
          "Microsoft.Extensions.Hosting.Abstractions": "9.0.0",
          "Microsoft.Extensions.Logging.Abstractions": "9.0.0",
          "Serilog": "4.2.0",
          "Serilog.Extensions.Logging": "9.0.0"
        }
      },
      "Serilog.Extensions.Logging": {
        "type": "Transitive",
        "resolved": "9.0.0",
        "contentHash": "NwSSYqPJeKNzl5AuXVHpGbr6PkZJFlNa14CdIebVjK3k/76kYj/mz5kiTRNVSsSaxM8kAIa1kpy/qyT9E4npRQ==",
        "dependencies": {
          "Microsoft.Extensions.Logging": "9.0.0",
          "Serilog": "4.2.0"
        }
      },
      "Serilog.Settings.Configuration": {
        "type": "Transitive",
        "resolved": "10.0.0",
        "contentHash": "LNq+ibS1sbhTqPV1FIE69/9AJJbfaOhnaqkzcjFy95o+4U+STsta9mi97f1smgXsWYKICDeGUf8xUGzd/52/uA==",
        "dependencies": {
          "Microsoft.Extensions.Configuration.Binder": "10.0.0",
          "Microsoft.Extensions.DependencyModel": "10.0.0",
          "Serilog": "4.3.0"
        }
      },
      "Serilog.Sinks.Console": {
        "type": "Transitive",
        "resolved": "6.1.1",
        "contentHash": "8jbqgjUyZlfCuSTaJk6lOca465OndqOz3KZP6Cryt/IqZYybyBu7GP0fE/AXBzrrQB3EBmQntBFAvMVz1COvAA==",
        "dependencies": {
          "Serilog": "4.0.0"
        }
      },
      "SQLitePCLRaw.bundle_e_sqlite3": {
        "type": "Transitive",
        "resolved": "2.1.10",
        "contentHash": "UxWuisvZ3uVcVOLJQv7urM/JiQH+v3TmaJc1BLKl5Dxfm/nTzTUrqswCqg/INiYLi61AXnHo1M1JPmPqqLnAdg==",
        "dependencies": {
          "SQLitePCLRaw.lib.e_sqlite3": "2.1.10",
          "SQLitePCLRaw.provider.e_sqlite3": "2.1.10"
        }
      },
      "SQLitePCLRaw.core": {
        "type": "Transitive",
        "resolved": "2.1.10",
        "contentHash": "Ii8JCbC7oiVclaE/mbDEK000EFIJ+ShRPwAvvV89GOZhQ+ZLtlnSWl6ksCNMKu/VGXA4Nfi2B7LhN/QFN9oBcw==",
        "dependencies": {
          "System.Memory": "4.5.3"
        }
      },
      "SQLitePCLRaw.lib.e_sqlite3": {
        "type": "Transitive",
        "resolved": "2.1.10",
        "contentHash": "mAr69tDbnf3QJpRy2nJz8Qdpebdil00fvycyByR58Cn9eARvR+UiG2Vzsp+4q1tV3ikwiYIjlXCQFc12GfebbA=="
      },
      "SQLitePCLRaw.provider.e_sqlite3": {
        "type": "Transitive",
        "resolved": "2.1.10",
        "contentHash": "uZVTi02C1SxqzgT0HqTWatIbWGb40iIkfc3FpFCpE/r7g6K0PqzDUeefL6P6HPhDtc6BacN3yQysfzP7ks+wSQ==",
        "dependencies": {
          "SQLitePCLRaw.core": "2.1.10"
        }
      },
      "StackExchange.Redis": {
        "type": "Transitive",
        "resolved": "2.10.1",
        "contentHash": "se08WZvD42H3bV4XBW07pupTiE2/72qStKyi/lRqqcijksFWfRtwLTuhFtZ4OX19f4+we/2qruFZBXYJBFc8PQ==",
        "dependencies": {
          "Microsoft.Extensions.Logging.Abstractions": "8.0.0",
          "Pipelines.Sockets.Unofficial": "2.2.8",
          "System.IO.Hashing": "9.0.10"
        }
      },
      "System.Collections.Immutable": {
        "type": "Transitive",
        "resolved": "8.0.0",
        "contentHash": "AurL6Y5BA1WotzlEvVaIDpqzpIPvYnnldxru8oXJU2yFxFUy3+pNXjXd1ymO+RA0rq0+590Q8gaz2l3Sr7fmqg=="
      },
      "System.Diagnostics.EventLog": {
        "type": "Transitive",
        "resolved": "9.0.11",
        "contentHash": "2Us/NchH6SM69NYWzf8NRyeftdv3ILso8LMiMdAjT7ECTiZKzddiXWhAyQj6ZzbddoAOHS9GdlPbAAkwCPID3Q=="
      },
      "System.Interactive.Async": {
        "type": "Transitive",
        "resolved": "6.0.1",
        "contentHash": "f8H1O4ZWDQo344y5NQU76G4SIjWMuKDVXL9OM1dg6K5YZnLkc8iCdQDybBvMcC6ufk61jzXGVAX6UCDu0qDSjA==",
        "dependencies": {
          "System.Linq.Async": "6.0.1"
        }
      },
      "System.IO.Hashing": {
        "type": "Transitive",
        "resolved": "9.0.10",
        "contentHash": "9gv5z71xaWWmcGEs4bXdreIhKp2kYLK2fvPK5gQkgnWMYvZ8ieaxKofDjxL3scZiEYfi/yW2nJTiKV2awcWEdA=="
      },
      "System.IO.Pipelines": {
        "type": "Transitive",
        "resolved": "10.0.0",
        "contentHash": "M1eb3nfXntaRJPrrMVM9EFS8I1bDTnt0uvUS6QP/SicZf/ZZjydMD5NiXxfmwW/uQwaMDP/yX2P+zQN1NBHChg=="
      },
      "System.Linq.Async": {
        "type": "Transitive",
        "resolved": "6.0.1",
        "contentHash": "0YhHcaroWpQ9UCot3Pizah7ryAzQhNvobLMSxeDIGmnXfkQn8u5owvpOH0K6EVB+z9L7u6Cc4W17Br/+jyttEQ==",
        "dependencies": {
          "Microsoft.Bcl.AsyncInterfaces": "6.0.0"
        }
      },
      "System.Memory": {
        "type": "Transitive",
        "resolved": "4.5.3",
        "contentHash": "3oDzvc/zzetpTKWMShs1AADwZjQ/36HnsufHRPcOjyRAAMLDlu2iD33MBI2opxnezcVUtXyqDXXjoFMOU9c7SA=="
      },
      "System.Reactive": {
        "type": "Transitive",
        "resolved": "6.0.1",
        "contentHash": "rHaWtKDwCi9qJ3ObKo8LHPMuuwv33YbmQi7TcUK1C264V3MFnOr5Im7QgCTdLniztP3GJyeiSg5x8NqYJFqRmg=="
      },
      "System.Reflection.Metadata": {
        "type": "Transitive",
        "resolved": "8.0.0",
        "contentHash": "ptvgrFh7PvWI8bcVqG5rsA/weWM09EnthFHR5SCnS6IN+P4mj6rE1lBDC4U8HL9/57htKAqy4KQ3bBj84cfYyQ==",
        "dependencies": {
          "System.Collections.Immutable": "8.0.0"
        }
      },
      "System.Text.Encodings.Web": {
        "type": "Transitive",
        "resolved": "10.0.0",
        "contentHash": "257hh1ep1Gqm1Lm0ulxf7vVBVMJuGN6EL4xSWjpi46DffXzm1058IiWsfSC06zSm7SniN+Tb5160UnXsSa8rRg=="
      },
      "System.Text.Json": {
        "type": "Transitive",
        "resolved": "10.0.0",
        "contentHash": "1Dpjwq9peG/Wt5BNbrzIhTpclfOSqBWZsUO28vVr59yQlkvL5jLBWfpfzRmJ1OY+6DciaY0DUcltyzs4fuZHjw==",
        "dependencies": {
          "System.IO.Pipelines": "10.0.0",
          "System.Text.Encodings.Web": "10.0.0"
        }
      },
      "System.ValueTuple": {
        "type": "Transitive",
        "resolved": "4.5.0",
        "contentHash": "okurQJO6NRE/apDIP23ajJ0hpiNmJ+f0BwOlB/cSqTLQlw5upkf+5+96+iG2Jw40G1fCVCyPz/FhIABUjMR+RQ=="
      },
      "Xabe.FFmpeg": {
        "type": "Transitive",
        "resolved": "6.0.2",
        "contentHash": "82rhJD6NRXJ71g+Spk3gLINUmoNK3AGmUDCIUSOqR7wW1Z1JHMpkg3RTxeg4Hw7cEaQvuBePCrz4CvPQeNzjLA=="
      },
      "xunit.abstractions": {
        "type": "Transitive",
        "resolved": "2.0.3",
        "contentHash": "pot1I4YOxlWjIb5jmwvvQNbTrZ3lJQ+jUGkGjWE3hEFM0l5gOnBWS+H3qsex68s5cO52g+44vpGzhAt+42vwKg=="
      },
      "xunit.analyzers": {
        "type": "Transitive",
        "resolved": "1.18.0",
        "contentHash": "OtFMHN8yqIcYP9wcVIgJrq01AfTxijjAqVDy/WeQVSyrDC1RzBWeQPztL49DN2syXRah8TYnfvk035s7L95EZQ=="
      },
      "xunit.assert": {
        "type": "Transitive",
        "resolved": "2.9.3",
        "contentHash": "/Kq28fCE7MjOV42YLVRAJzRF0WmEqsmflm0cfpMjGtzQ2lR5mYVj1/i0Y8uDAOLczkL3/jArrwehfMD0YogMAA=="
      },
      "xunit.core": {
        "type": "Transitive",
        "resolved": "2.9.3",
        "contentHash": "BiAEvqGvyme19wE0wTKdADH+NloYqikiU0mcnmiNyXaF9HyHmE6sr/3DC5vnBkgsWaE6yPyWszKSPSApWdRVeQ==",
        "dependencies": {
          "xunit.extensibility.core": "[2.9.3]",
          "xunit.extensibility.execution": "[2.9.3]"
        }
      },
      "xunit.extensibility.core": {
        "type": "Transitive",
        "resolved": "2.9.3",
        "contentHash": "kf3si0YTn2a8J8eZNb+zFpwfoyvIrQ7ivNk5ZYA5yuYk1bEtMe4DxJ2CF/qsRgmEnDr7MnW1mxylBaHTZ4qErA==",
        "dependencies": {
          "xunit.abstractions": "2.0.3"
        }
      },
      "xunit.extensibility.execution": {
        "type": "Transitive",
        "resolved": "2.9.3",
        "contentHash": "yMb6vMESlSrE3Wfj7V6cjQ3S4TXdXpRqYeNEI3zsX31uTsGMJjEw6oD5F5u1cHnMptjhEECnmZSsPxB6ChZHDQ==",
        "dependencies": {
          "xunit.extensibility.core": "[2.9.3]"
        }
      },
      "saucybot": {
        "type": "Project",
        "dependencies": {
          "AngleSharp": "[1.4.0, )",
          "Discord.Net": "[3.18.0, )",
          "EFCore.NamingConventions": "[9.0.0, )",
          "Markdig": "[0.44.0, )",
          "Microsoft.EntityFrameworkCore": "[9.0.11, )",
          "Microsoft.EntityFrameworkCore.Sqlite": "[9.0.11, )",
          "Microsoft.Extensions.Caching.Memory": "[9.0.11, )",
          "Microsoft.Extensions.Caching.StackExchangeRedis": "[9.0.11, )",
          "Microsoft.Extensions.Hosting": "[9.0.11, )",
          "Polly.Core": "[8.6.5, )",
          "Pomelo.EntityFrameworkCore.MySql": "[9.0.0, )",
          "Serilog": "[4.3.0, )",
          "Serilog.Extensions.Hosting": "[9.0.0, )",
          "Serilog.Settings.Configuration": "[10.0.0, )",
          "Serilog.Sinks.Console": "[6.1.1, )",
          "StackExchange.Redis": "[2.10.1, )",
          "Xabe.FFmpeg": "[6.0.2, )"
        }
      }
    }
  }
}